<?xml version="1.0" encoding="utf-8"?>
<Project ToolsVersion="4.0" xmlns="http://schemas.microsoft.com/developer/msbuild/2003">
  <ItemGroup>
    <Filter Include="Source Files">
      <UniqueIdentifier>{4FC737F1-C7A5-4376-A066-2A32D752A2FF}</UniqueIdentifier>
      <Extensions>cpp;c;cc;cxx;def;odl;idl;hpj;bat;asm;asmx</Extensions>
    </Filter>
    <Filter Include="Header Files">
      <UniqueIdentifier>{93995380-89BD-4b04-88EB-625FBE52EBFB}</UniqueIdentifier>
      <Extensions>h;hh;hpp;hxx;hm;inl;inc;ipp;xsd</Extensions>
    </Filter>
    <Filter Include="Resource Files">
      <UniqueIdentifier>{67DA6AB6-F800-4c08-8B7A-83BB121AAD01}</UniqueIdentifier>
      <Extensions>rc;ico;cur;bmp;dlg;rc2;rct;bin;rgs;gif;jpg;jpeg;jpe;resx;tiff;tif;png;wav;mfcribbon-ms</Extensions>
    </Filter>
    <Filter Include="Header Files\ecs">
      <UniqueIdentifier>{8a5fee1d-2947-4813-8050-0ed579e41142}</UniqueIdentifier>
    </Filter>
    <Filter Include="Header Files\systems">
      <UniqueIdentifier>{6240cd46-283d-4187-86e7-bd14bddcf853}</UniqueIdentifier>
    </Filter>
    <Filter Include="Header Files\physics">
      <UniqueIdentifier>{dc7d141d-f7a3-4658-894f-1f3b748f88f4}</UniqueIdentifier>
    </Filter>
    <Filter Include="Header Files\physics\collision">
      <UniqueIdentifier>{91320522-4ce2-463b-90e8-509d0fc99296}</UniqueIdentifier>
    </Filter>
    <Filter Include="Header Files\junction">
      <UniqueIdentifier>{121a73b5-3feb-46be-baf4-8877be4a52ea}</UniqueIdentifier>
    </Filter>
    <Filter Include="Source Files\junction">
      <UniqueIdentifier>{66cdbeb8-315b-4e6e-a892-1c78f895e612}</UniqueIdentifier>
    </Filter>
  </ItemGroup>
  <ItemGroup>
    <ClCompile Include="src\main.cpp">
      <Filter>Source Files</Filter>
    </ClCompile>
    <ClCompile Include="src\input.cpp">
      <Filter>Source Files</Filter>
    </ClCompile>
    <ClCompile Include="src\renderer.cpp">
      <Filter>Source Files</Filter>
    </ClCompile>
    <ClCompile Include="src\ecs.cpp">
      <Filter>Source Files</Filter>
    </ClCompile>
    <ClCompile Include="src\engine.cpp">
      <Filter>Source Files</Filter>
    </ClCompile>
    <ClCompile Include="src\component.cpp">
      <Filter>Source Files</Filter>
    </ClCompile>
    <ClCompile Include="src\entityManager.cpp">
      <Filter>Source Files</Filter>
    </ClCompile>
    <ClCompile Include="src\pool.cpp">
      <Filter>Source Files</Filter>
    </ClCompile>
    <ClCompile Include="src\texture.cpp">
      <Filter>Source Files</Filter>
    </ClCompile>
    <ClCompile Include="src\camera.cpp">
      <Filter>Source Files</Filter>
    </ClCompile>
    <ClCompile Include="src\mesh.cpp">
      <Filter>Source Files</Filter>
    </ClCompile>
    <ClCompile Include="src\shader.cpp">
      <Filter>Source Files</Filter>
    </ClCompile>
    <ClCompile Include="src\renderSystem.cpp">
      <Filter>Source Files</Filter>
    </ClCompile>
    <ClCompile Include="src\planetGen.cpp">
      <Filter>Source Files</Filter>
    </ClCompile>
    <ClCompile Include="src\tileSystem.cpp">
      <Filter>Source Files</Filter>
    </ClCompile>
    <ClCompile Include="movementSystem.cpp">
      <Filter>Source Files</Filter>
    </ClCompile>
    <ClCompile Include="broadphaseSystem.cpp">
      <Filter>Source Files</Filter>
    </ClCompile>
  </ItemGroup>
  <ItemGroup>
    <ClInclude Include="include\engine.h">
      <Filter>Header Files</Filter>
    </ClInclude>
    <ClInclude Include="include\input.h">
      <Filter>Header Files</Filter>
    </ClInclude>
    <ClInclude Include="include\renderer.h">
      <Filter>Header Files</Filter>
    </ClInclude>
    <ClInclude Include="include\int2.h">
      <Filter>Header Files</Filter>
    </ClInclude>
    <ClInclude Include="include\float2.h">
      <Filter>Header Files</Filter>
    </ClInclude>
    <ClInclude Include="include\float3.h">
      <Filter>Header Files</Filter>
    </ClInclude>
    <ClInclude Include="include\componentList.h">
      <Filter>Header Files\ecs</Filter>
    </ClInclude>
    <ClInclude Include="include\entity.h">
      <Filter>Header Files\ecs</Filter>
    </ClInclude>
    <ClInclude Include="include\globals.h">
      <Filter>Header Files\ecs</Filter>
    </ClInclude>
    <ClInclude Include="include\interval.h">
      <Filter>Header Files\ecs</Filter>
    </ClInclude>
    <ClInclude Include="include\pool.h">
      <Filter>Header Files\ecs</Filter>
    </ClInclude>
    <ClInclude Include="include\system.h">
      <Filter>Header Files\ecs</Filter>
    </ClInclude>
    <ClInclude Include="include\archetype.h">
      <Filter>Header Files\ecs</Filter>
    </ClInclude>
    <ClInclude Include="include\component.h">
      <Filter>Header Files\ecs</Filter>
    </ClInclude>
    <ClInclude Include="include\entityManager.h">
      <Filter>Header Files\ecs</Filter>
    </ClInclude>
    <ClInclude Include="include\mesh.h">
      <Filter>Header Files</Filter>
    </ClInclude>
    <ClInclude Include="include\shader.h">
      <Filter>Header Files</Filter>
    </ClInclude>
    <ClInclude Include="include\texture.h">
      <Filter>Header Files</Filter>
    </ClInclude>
    <ClInclude Include="include\camera.h">
      <Filter>Header Files</Filter>
    </ClInclude>
    <ClInclude Include="include\material.h">
      <Filter>Header Files</Filter>
    </ClInclude>
    <ClInclude Include="include\vertex.h">
      <Filter>Header Files</Filter>
    </ClInclude>
    <ClInclude Include="include\planetGen.h">
      <Filter>Header Files</Filter>
    </ClInclude>
    <ClInclude Include="include\planetParameters.h">
      <Filter>Header Files</Filter>
    </ClInclude>
    <ClInclude Include="include\ecs.h">
      <Filter>Header Files\ecs</Filter>
    </ClInclude>
    <ClInclude Include="movementSystem.h">
      <Filter>Header Files\systems</Filter>
    </ClInclude>
    <ClInclude Include="include\renderSystem.h">
      <Filter>Header Files\systems</Filter>
    </ClInclude>
    <ClInclude Include="include\tileSystem.h">
      <Filter>Header Files\systems</Filter>
    </ClInclude>
    <ClInclude Include="animationSystem.h">
      <Filter>Header Files\systems</Filter>
    </ClInclude>
    <ClInclude Include="broadphaseSystem.h">
      <Filter>Header Files\systems</Filter>
    </ClInclude>
    <ClInclude Include="narrowphaseSystem.h">
      <Filter>Header Files\systems</Filter>
    </ClInclude>
    <ClInclude Include="include\emberGJK.h">
      <Filter>Header Files\physics\collision</Filter>
    </ClInclude>
    <ClInclude Include="include\emberCol.h">
      <Filter>Header Files\physics\collision</Filter>
    </ClInclude>
    <ClInclude Include="profiler.h">
      <Filter>Header Files</Filter>
    </ClInclude>
  </ItemGroup>
</Project>